// !$*UTF8*$!
{
	archiveVersion = 1;
	classes = {
	};
	objectVersion = 52;
	objects = {

/* Begin PBXBuildFile section */
		DE4D3D4623E8BFB8002A99B5 /* AppDelegate.swift in Sources */ = {isa = PBXBuildFile; fileRef = DE4D3D4523E8BFB8002A99B5 /* AppDelegate.swift */; };
		DE4D3D4823E8BFB8002A99B5 /* SceneDelegate.swift in Sources */ = {isa = PBXBuildFile; fileRef = DE4D3D4723E8BFB8002A99B5 /* SceneDelegate.swift */; };
		DE4D3D4A23E8BFB8002A99B5 /* ViewController.swift in Sources */ = {isa = PBXBuildFile; fileRef = DE4D3D4923E8BFB8002A99B5 /* ViewController.swift */; };
		DE4D3D4F23E8BFBA002A99B5 /* Assets.xcassets in Resources */ = {isa = PBXBuildFile; fileRef = DE4D3D4E23E8BFBA002A99B5 /* Assets.xcassets */; };
		DE4D3D5223E8BFBA002A99B5 /* LaunchScreen.storyboard in Resources */ = {isa = PBXBuildFile; fileRef = DE4D3D5023E8BFBA002A99B5 /* LaunchScreen.storyboard */; };
		DE79294023F01D6B00AF1FF7 /* SwiftChart in Frameworks */ = {isa = PBXBuildFile; productRef = DE79293F23F01D6B00AF1FF7 /* SwiftChart */; };
		DE79294323F0206900AF1FF7 /* DataReportViewController.swift in Sources */ = {isa = PBXBuildFile; fileRef = DE79294223F0206900AF1FF7 /* DataReportViewController.swift */; };
		DE79294B23F0219600AF1FF7 /* Strings.swift in Sources */ = {isa = PBXBuildFile; fileRef = DE79294A23F0219600AF1FF7 /* Strings.swift */; };
		DE8DDFCA23F034DF008A6A24 /* Colors.xcassets in Resources */ = {isa = PBXBuildFile; fileRef = DE8DDFC923F034DF008A6A24 /* Colors.xcassets */; };
		DE8DDFCD23F03E34008A6A24 /* ReportGraphView.swift in Sources */ = {isa = PBXBuildFile; fileRef = DE8DDFCC23F03E34008A6A24 /* ReportGraphView.swift */; };
		DE8DDFCF23F053D6008A6A24 /* Mock.swift in Sources */ = {isa = PBXBuildFile; fileRef = DE8DDFCE23F053D6008A6A24 /* Mock.swift */; };
		DE8DDFD123F05552008A6A24 /* DataReportViewModel.swift in Sources */ = {isa = PBXBuildFile; fileRef = DE8DDFD023F05552008A6A24 /* DataReportViewModel.swift */; };
		DE8DDFD323F056EB008A6A24 /* Colors.swift in Sources */ = {isa = PBXBuildFile; fileRef = DE8DDFD223F056EB008A6A24 /* Colors.swift */; };
		DE8DDFD623F06458008A6A24 /* PDFRenderableViewController.swift in Sources */ = {isa = PBXBuildFile; fileRef = DE8DDFD523F06458008A6A24 /* PDFRenderableViewController.swift */; };
/* End PBXBuildFile section */

/* Begin PBXFileReference section */
		DE4D3D4223E8BFB8002A99B5 /* PDFRenderer Example.app */ = {isa = PBXFileReference; explicitFileType = wrapper.application; includeInIndex = 0; path = "PDFRenderer Example.app"; sourceTree = BUILT_PRODUCTS_DIR; };
		DE4D3D4523E8BFB8002A99B5 /* AppDelegate.swift */ = {isa = PBXFileReference; lastKnownFileType = sourcecode.swift; path = AppDelegate.swift; sourceTree = "<group>"; };
		DE4D3D4723E8BFB8002A99B5 /* SceneDelegate.swift */ = {isa = PBXFileReference; lastKnownFileType = sourcecode.swift; path = SceneDelegate.swift; sourceTree = "<group>"; };
		DE4D3D4923E8BFB8002A99B5 /* ViewController.swift */ = {isa = PBXFileReference; lastKnownFileType = sourcecode.swift; path = ViewController.swift; sourceTree = "<group>"; };
		DE4D3D4E23E8BFBA002A99B5 /* Assets.xcassets */ = {isa = PBXFileReference; lastKnownFileType = folder.assetcatalog; path = Assets.xcassets; sourceTree = "<group>"; };
		DE4D3D5123E8BFBA002A99B5 /* Base */ = {isa = PBXFileReference; lastKnownFileType = file.storyboard; name = Base; path = Base.lproj/LaunchScreen.storyboard; sourceTree = "<group>"; };
		DE4D3D5323E8BFBA002A99B5 /* Info.plist */ = {isa = PBXFileReference; lastKnownFileType = text.plist.xml; path = Info.plist; sourceTree = "<group>"; };
		DE79294223F0206900AF1FF7 /* DataReportViewController.swift */ = {isa = PBXFileReference; lastKnownFileType = sourcecode.swift; path = DataReportViewController.swift; sourceTree = "<group>"; };
		DE79294A23F0219600AF1FF7 /* Strings.swift */ = {isa = PBXFileReference; lastKnownFileType = sourcecode.swift; path = Strings.swift; sourceTree = "<group>"; };
		DE8DDFC923F034DF008A6A24 /* Colors.xcassets */ = {isa = PBXFileReference; lastKnownFileType = folder.assetcatalog; path = Colors.xcassets; sourceTree = "<group>"; };
		DE8DDFCC23F03E34008A6A24 /* ReportGraphView.swift */ = {isa = PBXFileReference; lastKnownFileType = sourcecode.swift; path = ReportGraphView.swift; sourceTree = "<group>"; };
		DE8DDFCE23F053D6008A6A24 /* Mock.swift */ = {isa = PBXFileReference; lastKnownFileType = sourcecode.swift; path = Mock.swift; sourceTree = "<group>"; };
		DE8DDFD023F05552008A6A24 /* DataReportViewModel.swift */ = {isa = PBXFileReference; lastKnownFileType = sourcecode.swift; path = DataReportViewModel.swift; sourceTree = "<group>"; };
		DE8DDFD223F056EB008A6A24 /* Colors.swift */ = {isa = PBXFileReference; lastKnownFileType = sourcecode.swift; path = Colors.swift; sourceTree = "<group>"; };
		DE8DDFD523F06458008A6A24 /* PDFRenderableViewController.swift */ = {isa = PBXFileReference; lastKnownFileType = sourcecode.swift; path = PDFRenderableViewController.swift; sourceTree = "<group>"; };
/* End PBXFileReference section */

/* Begin PBXFrameworksBuildPhase section */
		DE4D3D3F23E8BFB8002A99B5 /* Frameworks */ = {
			isa = PBXFrameworksBuildPhase;
			buildActionMask = 2147483647;
			files = (
				DE79294023F01D6B00AF1FF7 /* SwiftChart in Frameworks */,
			);
			runOnlyForDeploymentPostprocessing = 0;
		};
/* End PBXFrameworksBuildPhase section */

/* Begin PBXGroup section */
		DE4D3D3923E8BFB8002A99B5 = {
			isa = PBXGroup;
			children = (
				DE4D3D4423E8BFB8002A99B5 /* PDFRenderer Example */,
				DE4D3D4323E8BFB8002A99B5 /* Products */,
			);
			sourceTree = "<group>";
		};
		DE4D3D4323E8BFB8002A99B5 /* Products */ = {
			isa = PBXGroup;
			children = (
				DE4D3D4223E8BFB8002A99B5 /* PDFRenderer Example.app */,
			);
			name = Products;
			sourceTree = "<group>";
		};
		DE4D3D4423E8BFB8002A99B5 /* PDFRenderer Example */ = {
			isa = PBXGroup;
			children = (
				DE8DDFC823F034D0008A6A24 /* Resources */,
				DE79294823F0215400AF1FF7 /* Global */,
				DE79294523F020FF00AF1FF7 /* ScreenFlows */,
				DE4D3D4523E8BFB8002A99B5 /* AppDelegate.swift */,
				DE4D3D4723E8BFB8002A99B5 /* SceneDelegate.swift */,
				DE4D3D5023E8BFBA002A99B5 /* LaunchScreen.storyboard */,
				DE4D3D5323E8BFBA002A99B5 /* Info.plist */,
			);
			path = "PDFRenderer Example";
			sourceTree = "<group>";
		};
		DE79294423F020EE00AF1FF7 /* Data */ = {
			isa = PBXGroup;
			children = (
				DE79294A23F0219600AF1FF7 /* Strings.swift */,
				DE8DDFCE23F053D6008A6A24 /* Mock.swift */,
				DE8DDFD223F056EB008A6A24 /* Colors.swift */,
			);
			path = Data;
			sourceTree = "<group>";
		};
		DE79294523F020FF00AF1FF7 /* ScreenFlows */ = {
			isa = PBXGroup;
			children = (
				DE79294723F0212400AF1FF7 /* Report */,
				DE79294623F0210700AF1FF7 /* Main */,
			);
			path = ScreenFlows;
			sourceTree = "<group>";
		};
		DE79294623F0210700AF1FF7 /* Main */ = {
			isa = PBXGroup;
			children = (
				DE4D3D4923E8BFB8002A99B5 /* ViewController.swift */,
			);
			path = Main;
			sourceTree = "<group>";
		};
		DE79294723F0212400AF1FF7 /* Report */ = {
			isa = PBXGroup;
			children = (
				DE79294223F0206900AF1FF7 /* DataReportViewController.swift */,
				DE8DDFD023F05552008A6A24 /* DataReportViewModel.swift */,
			);
			path = Report;
			sourceTree = "<group>";
		};
		DE79294823F0215400AF1FF7 /* Global */ = {
			isa = PBXGroup;
			children = (
				DE8DDFD423F0643E008A6A24 /* Utility */,
				DE79294423F020EE00AF1FF7 /* Data */,
				DE79294923F0215A00AF1FF7 /* Views */,
			);
			path = Global;
			sourceTree = "<group>";
		};
		DE79294923F0215A00AF1FF7 /* Views */ = {
			isa = PBXGroup;
			children = (
				DE8DDFCB23F03E26008A6A24 /* ReportGraph */,
			);
			path = Views;
			sourceTree = "<group>";
		};
		DE8DDFC823F034D0008A6A24 /* Resources */ = {
			isa = PBXGroup;
			children = (
				DE4D3D4E23E8BFBA002A99B5 /* Assets.xcassets */,
				DE8DDFC923F034DF008A6A24 /* Colors.xcassets */,
			);
			path = Resources;
			sourceTree = "<group>";
		};
		DE8DDFCB23F03E26008A6A24 /* ReportGraph */ = {
			isa = PBXGroup;
			children = (
				DE8DDFCC23F03E34008A6A24 /* ReportGraphView.swift */,
			);
			path = ReportGraph;
			sourceTree = "<group>";
		};
		DE8DDFD423F0643E008A6A24 /* Utility */ = {
			isa = PBXGroup;
			children = (
				DE8DDFD523F06458008A6A24 /* PDFRenderableViewController.swift */,
			);
			path = Utility;
			sourceTree = "<group>";
		};
/* End PBXGroup section */

/* Begin PBXNativeTarget section */
		DE4D3D4123E8BFB8002A99B5 /* PDFRenderer Example */ = {
			isa = PBXNativeTarget;
			buildConfigurationList = DE4D3D5623E8BFBA002A99B5 /* Build configuration list for PBXNativeTarget "PDFRenderer Example" */;
			buildPhases = (
				DE4D3D3E23E8BFB8002A99B5 /* Sources */,
				DE4D3D3F23E8BFB8002A99B5 /* Frameworks */,
				DE4D3D4023E8BFB8002A99B5 /* Resources */,
			);
			buildRules = (
			);
			dependencies = (
			);
			name = "PDFRenderer Example";
			packageProductDependencies = (
				DE79293F23F01D6B00AF1FF7 /* SwiftChart */,
			);
			productName = "PDFRenderer Example";
			productReference = DE4D3D4223E8BFB8002A99B5 /* PDFRenderer Example.app */;
			productType = "com.apple.product-type.application";
		};
/* End PBXNativeTarget section */

/* Begin PBXProject section */
		DE4D3D3A23E8BFB8002A99B5 /* Project object */ = {
			isa = PBXProject;
			attributes = {
				LastSwiftUpdateCheck = 1130;
				LastUpgradeCheck = 1130;
				ORGANIZATIONNAME = "Raoul Schwagmeier";
				TargetAttributes = {
					DE4D3D4123E8BFB8002A99B5 = {
						CreatedOnToolsVersion = 11.3;
					};
				};
			};
			buildConfigurationList = DE4D3D3D23E8BFB8002A99B5 /* Build configuration list for PBXProject "PDFRenderer Example" */;
			compatibilityVersion = "Xcode 9.3";
			developmentRegion = en;
			hasScannedForEncodings = 0;
			knownRegions = (
				en,
				Base,
			);
			mainGroup = DE4D3D3923E8BFB8002A99B5;
			packageReferences = (
				DE79293E23F01D6B00AF1FF7 /* XCRemoteSwiftPackageReference "SwiftChart" */,
			);
			productRefGroup = DE4D3D4323E8BFB8002A99B5 /* Products */;
			projectDirPath = "";
			projectRoot = "";
			targets = (
				DE4D3D4123E8BFB8002A99B5 /* PDFRenderer Example */,
			);
		};
/* End PBXProject section */

/* Begin PBXResourcesBuildPhase section */
		DE4D3D4023E8BFB8002A99B5 /* Resources */ = {
			isa = PBXResourcesBuildPhase;
			buildActionMask = 2147483647;
			files = (
				DE8DDFCA23F034DF008A6A24 /* Colors.xcassets in Resources */,
				DE4D3D5223E8BFBA002A99B5 /* LaunchScreen.storyboard in Resources */,
				DE4D3D4F23E8BFBA002A99B5 /* Assets.xcassets in Resources */,
			);
			runOnlyForDeploymentPostprocessing = 0;
		};
/* End PBXResourcesBuildPhase section */

/* Begin PBXSourcesBuildPhase section */
		DE4D3D3E23E8BFB8002A99B5 /* Sources */ = {
			isa = PBXSourcesBuildPhase;
			buildActionMask = 2147483647;
			files = (
				DE4D3D4A23E8BFB8002A99B5 /* ViewController.swift in Sources */,
				DE8DDFD323F056EB008A6A24 /* Colors.swift in Sources */,
				DE8DDFCD23F03E34008A6A24 /* ReportGraphView.swift in Sources */,
				DE4D3D4623E8BFB8002A99B5 /* AppDelegate.swift in Sources */,
				DE8DDFCF23F053D6008A6A24 /* Mock.swift in Sources */,
				DE79294B23F0219600AF1FF7 /* Strings.swift in Sources */,
				DE79294323F0206900AF1FF7 /* DataReportViewController.swift in Sources */,
				DE8DDFD623F06458008A6A24 /* PDFRenderableViewController.swift in Sources */,
				DE8DDFD123F05552008A6A24 /* DataReportViewModel.swift in Sources */,
				DE4D3D4823E8BFB8002A99B5 /* SceneDelegate.swift in Sources */,
			);
			runOnlyForDeploymentPostprocessing = 0;
		};
/* End PBXSourcesBuildPhase section */

/* Begin PBXVariantGroup section */
		DE4D3D5023E8BFBA002A99B5 /* LaunchScreen.storyboard */ = {
			isa = PBXVariantGroup;
			children = (
				DE4D3D5123E8BFBA002A99B5 /* Base */,
			);
			name = LaunchScreen.storyboard;
			sourceTree = "<group>";
		};
/* End PBXVariantGroup section */

/* Begin XCBuildConfiguration section */
		DE4D3D5423E8BFBA002A99B5 /* Debug */ = {
			isa = XCBuildConfiguration;
			buildSettings = {
				ALWAYS_SEARCH_USER_PATHS = NO;
				CLANG_ANALYZER_NONNULL = YES;
				CLANG_ANALYZER_NUMBER_OBJECT_CONVERSION = YES_AGGRESSIVE;
				CLANG_CXX_LANGUAGE_STANDARD = "gnu++14";
				CLANG_CXX_LIBRARY = "libc++";
				CLANG_ENABLE_MODULES = YES;
				CLANG_ENABLE_OBJC_ARC = YES;
				CLANG_ENABLE_OBJC_WEAK = YES;
				CLANG_WARN_BLOCK_CAPTURE_AUTORELEASING = YES;
				CLANG_WARN_BOOL_CONVERSION = YES;
				CLANG_WARN_COMMA = YES;
				CLANG_WARN_CONSTANT_CONVERSION = YES;
				CLANG_WARN_DEPRECATED_OBJC_IMPLEMENTATIONS = YES;
				CLANG_WARN_DIRECT_OBJC_ISA_USAGE = YES_ERROR;
				CLANG_WARN_DOCUMENTATION_COMMENTS = YES;
				CLANG_WARN_EMPTY_BODY = YES;
				CLANG_WARN_ENUM_CONVERSION = YES;
				CLANG_WARN_INFINITE_RECURSION = YES;
				CLANG_WARN_INT_CONVERSION = YES;
				CLANG_WARN_NON_LITERAL_NULL_CONVERSION = YES;
				CLANG_WARN_OBJC_IMPLICIT_RETAIN_SELF = YES;
				CLANG_WARN_OBJC_LITERAL_CONVERSION = YES;
				CLANG_WARN_OBJC_ROOT_CLASS = YES_ERROR;
				CLANG_WARN_RANGE_LOOP_ANALYSIS = YES;
				CLANG_WARN_STRICT_PROTOTYPES = YES;
				CLANG_WARN_SUSPICIOUS_MOVE = YES;
				CLANG_WARN_UNGUARDED_AVAILABILITY = YES_AGGRESSIVE;
				CLANG_WARN_UNREACHABLE_CODE = YES;
				CLANG_WARN__DUPLICATE_METHOD_MATCH = YES;
				COPY_PHASE_STRIP = NO;
				DEBUG_INFORMATION_FORMAT = dwarf;
				ENABLE_STRICT_OBJC_MSGSEND = YES;
				ENABLE_TESTABILITY = YES;
				GCC_C_LANGUAGE_STANDARD = gnu11;
				GCC_DYNAMIC_NO_PIC = NO;
				GCC_NO_COMMON_BLOCKS = YES;
				GCC_OPTIMIZATION_LEVEL = 0;
				GCC_PREPROCESSOR_DEFINITIONS = (
					"DEBUG=1",
					"$(inherited)",
				);
				GCC_WARN_64_TO_32_BIT_CONVERSION = YES;
				GCC_WARN_ABOUT_RETURN_TYPE = YES_ERROR;
				GCC_WARN_UNDECLARED_SELECTOR = YES;
				GCC_WARN_UNINITIALIZED_AUTOS = YES_AGGRESSIVE;
				GCC_WARN_UNUSED_FUNCTION = YES;
				GCC_WARN_UNUSED_VARIABLE = YES;
				IPHONEOS_DEPLOYMENT_TARGET = 13.2;
				MTL_ENABLE_DEBUG_INFO = INCLUDE_SOURCE;
				MTL_FAST_MATH = YES;
				ONLY_ACTIVE_ARCH = YES;
				SDKROOT = iphoneos;
				SWIFT_ACTIVE_COMPILATION_CONDITIONS = DEBUG;
				SWIFT_OPTIMIZATION_LEVEL = "-Onone";
			};
			name = Debug;
		};
		DE4D3D5523E8BFBA002A99B5 /* Release */ = {
			isa = XCBuildConfiguration;
			buildSettings = {
				ALWAYS_SEARCH_USER_PATHS = NO;
				CLANG_ANALYZER_NONNULL = YES;
				CLANG_ANALYZER_NUMBER_OBJECT_CONVERSION = YES_AGGRESSIVE;
				CLANG_CXX_LANGUAGE_STANDARD = "gnu++14";
				CLANG_CXX_LIBRARY = "libc++";
				CLANG_ENABLE_MODULES = YES;
				CLANG_ENABLE_OBJC_ARC = YES;
				CLANG_ENABLE_OBJC_WEAK = YES;
				CLANG_WARN_BLOCK_CAPTURE_AUTORELEASING = YES;
				CLANG_WARN_BOOL_CONVERSION = YES;
				CLANG_WARN_COMMA = YES;
				CLANG_WARN_CONSTANT_CONVERSION = YES;
				CLANG_WARN_DEPRECATED_OBJC_IMPLEMENTATIONS = YES;
				CLANG_WARN_DIRECT_OBJC_ISA_USAGE = YES_ERROR;
				CLANG_WARN_DOCUMENTATION_COMMENTS = YES;
				CLANG_WARN_EMPTY_BODY = YES;
				CLANG_WARN_ENUM_CONVERSION = YES;
				CLANG_WARN_INFINITE_RECURSION = YES;
				CLANG_WARN_INT_CONVERSION = YES;
				CLANG_WARN_NON_LITERAL_NULL_CONVERSION = YES;
				CLANG_WARN_OBJC_IMPLICIT_RETAIN_SELF = YES;
				CLANG_WARN_OBJC_LITERAL_CONVERSION = YES;
				CLANG_WARN_OBJC_ROOT_CLASS = YES_ERROR;
				CLANG_WARN_RANGE_LOOP_ANALYSIS = YES;
				CLANG_WARN_STRICT_PROTOTYPES = YES;
				CLANG_WARN_SUSPICIOUS_MOVE = YES;
				CLANG_WARN_UNGUARDED_AVAILABILITY = YES_AGGRESSIVE;
				CLANG_WARN_UNREACHABLE_CODE = YES;
				CLANG_WARN__DUPLICATE_METHOD_MATCH = YES;
				COPY_PHASE_STRIP = NO;
				DEBUG_INFORMATION_FORMAT = "dwarf-with-dsym";
				ENABLE_NS_ASSERTIONS = NO;
				ENABLE_STRICT_OBJC_MSGSEND = YES;
				GCC_C_LANGUAGE_STANDARD = gnu11;
				GCC_NO_COMMON_BLOCKS = YES;
				GCC_WARN_64_TO_32_BIT_CONVERSION = YES;
				GCC_WARN_ABOUT_RETURN_TYPE = YES_ERROR;
				GCC_WARN_UNDECLARED_SELECTOR = YES;
				GCC_WARN_UNINITIALIZED_AUTOS = YES_AGGRESSIVE;
				GCC_WARN_UNUSED_FUNCTION = YES;
				GCC_WARN_UNUSED_VARIABLE = YES;
				IPHONEOS_DEPLOYMENT_TARGET = 13.2;
				MTL_ENABLE_DEBUG_INFO = NO;
				MTL_FAST_MATH = YES;
				SDKROOT = iphoneos;
				SWIFT_COMPILATION_MODE = wholemodule;
				SWIFT_OPTIMIZATION_LEVEL = "-O";
				VALIDATE_PRODUCT = YES;
			};
			name = Release;
		};
		DE4D3D5723E8BFBA002A99B5 /* Debug */ = {
			isa = XCBuildConfiguration;
			buildSettings = {
				ASSETCATALOG_COMPILER_APPICON_NAME = AppIcon;
				CODE_SIGN_STYLE = Automatic;
				DEVELOPMENT_TEAM = UN495CWDD6;
				INFOPLIST_FILE = "PDFRenderer Example/Info.plist";
				LD_RUNPATH_SEARCH_PATHS = (
					"$(inherited)",
					"@executable_path/Frameworks",
				);
				PRODUCT_BUNDLE_IDENTIFIER = "com.raoulschwagmeier.PDFRenderer-Example";
				PRODUCT_NAME = "$(TARGET_NAME)";
				SWIFT_VERSION = 5.0;
				TARGETED_DEVICE_FAMILY = "1,2";
			};
			name = Debug;
		};
		DE4D3D5823E8BFBA002A99B5 /* Release */ = {
			isa = XCBuildConfiguration;
			buildSettings = {
				ASSETCATALOG_COMPILER_APPICON_NAME = AppIcon;
				CODE_SIGN_STYLE = Automatic;
				DEVELOPMENT_TEAM = UN495CWDD6;
				INFOPLIST_FILE = "PDFRenderer Example/Info.plist";
				LD_RUNPATH_SEARCH_PATHS = (
					"$(inherited)",
					"@executable_path/Frameworks",
				);
				PRODUCT_BUNDLE_IDENTIFIER = "com.raoulschwagmeier.PDFRenderer-Example";
				PRODUCT_NAME = "$(TARGET_NAME)";
				SWIFT_VERSION = 5.0;
				TARGETED_DEVICE_FAMILY = "1,2";
			};
			name = Release;
		};
/* End XCBuildConfiguration section */

/* Begin XCConfigurationList section */
		DE4D3D3D23E8BFB8002A99B5 /* Build configuration list for PBXProject "PDFRenderer Example" */ = {
			isa = XCConfigurationList;
			buildConfigurations = (
				DE4D3D5423E8BFBA002A99B5 /* Debug */,
				DE4D3D5523E8BFBA002A99B5 /* Release */,
			);
			defaultConfigurationIsVisible = 0;
			defaultConfigurationName = Release;
		};
		DE4D3D5623E8BFBA002A99B5 /* Build configuration list for PBXNativeTarget "PDFRenderer Example" */ = {
			isa = XCConfigurationList;
			buildConfigurations = (
				DE4D3D5723E8BFBA002A99B5 /* Debug */,
				DE4D3D5823E8BFBA002A99B5 /* Release */,
			);
			defaultConfigurationIsVisible = 0;
			defaultConfigurationName = Release;
		};
/* End XCConfigurationList section */

/* Begin XCRemoteSwiftPackageReference section */
		DE79293E23F01D6B00AF1FF7 /* XCRemoteSwiftPackageReference "SwiftChart" */ = {
			isa = XCRemoteSwiftPackageReference;
			repositoryURL = "https://github.com/Arestronaut/SwiftChart";
			requirement = {
				branch = "feature/add-spm-support";
				kind = branch;
			};
		};
/* End XCRemoteSwiftPackageReference section */

/* Begin XCSwiftPackageProductDependency section */
		DE79293F23F01D6B00AF1FF7 /* SwiftChart */ = {
			isa = XCSwiftPackageProductDependency;
			package = DE79293E23F01D6B00AF1FF7 /* XCRemoteSwiftPackageReference "SwiftChart" */;
			productName = SwiftChart;
		};
/* End XCSwiftPackageProductDependency section */
	};
	rootObject = DE4D3D3A23E8BFB8002A99B5 /* Project object */;
}
